
Microsoft Visual Studio Solution File, Format Version 12.00
# Visual Studio Version 16
VisualStudioVersion = 16.0.29613.14
MinimumVisualStudioVersion = 10.0.40219.1
Project("{FAE04EC0-301F-11D3-BF4B-00C04F79EFBC}") = "ExampleObserver", "ExampleObserver\ExampleObserver.csproj", "{C0D12254-A4D9-4545-8E7A-1988F6FF0B12}"
EndProject
Global
	GlobalSection(SolutionConfigurationPlatforms) = preSolution
		Debug|Any CPU = Debug|Any CPU
		Release|Any CPU = Release|Any CPU
	EndGlobalSection
	GlobalSection(ProjectConfigurationPlatforms) = postSolution
		{C0D12254-A4D9-4545-8E7A-1988F6FF0B12}.Debug|Any CPU.ActiveCfg = Debug|Any CPU
		{C0D12254-A4D9-4545-8E7A-1988F6FF0B12}.Debug|Any CPU.Build.0 = Debug|Any CPU
		{C0D12254-A4D9-4545-8E7A-1988F6FF0B12}.Release|Any CPU.ActiveCfg = Release|Any CPU
		{C0D12254-A4D9-4545-8E7A-1988F6FF0B12}.Release|Any CPU.Build.0 = Release|Any CPU
	EndGlobalSection
	GlobalSection(SolutionProperties) = preSolution
		HideSolutionNode = FALSE
	EndGlobalSection
	GlobalSection(ExtensibilityGlobals) = postSolution
		SolutionGuid = {2565C903-7966-4E44-B136-BC4E75F85306}
	EndGlobalSection
EndGlobal
