
Microsoft Visual Studio Solution File, Format Version 12.00
# Visual Studio Version 16
VisualStudioVersion = 16.0.29613.14
MinimumVisualStudioVersion = 10.0.40219.1
Project("{FAE04EC0-301F-11D3-BF4B-00C04F79EFBC}") = "ExampleState", "ExampleState\ExampleState.csproj", "{720B0366-BA67-4B02-BE67-81DD4F8508F4}"
EndProject
Global
	GlobalSection(SolutionConfigurationPlatforms) = preSolution
		Debug|Any CPU = Debug|Any CPU
		Release|Any CPU = Release|Any CPU
	EndGlobalSection
	GlobalSection(ProjectConfigurationPlatforms) = postSolution
		{720B0366-BA67-4B02-BE67-81DD4F8508F4}.Debug|Any CPU.ActiveCfg = Debug|Any CPU
		{720B0366-BA67-4B02-BE67-81DD4F8508F4}.Debug|Any CPU.Build.0 = Debug|Any CPU
		{720B0366-BA67-4B02-BE67-81DD4F8508F4}.Release|Any CPU.ActiveCfg = Release|Any CPU
		{720B0366-BA67-4B02-BE67-81DD4F8508F4}.Release|Any CPU.Build.0 = Release|Any CPU
	EndGlobalSection
	GlobalSection(SolutionProperties) = preSolution
		HideSolutionNode = FALSE
	EndGlobalSection
	GlobalSection(ExtensibilityGlobals) = postSolution
		SolutionGuid = {4D018849-A802-4BB2-971D-44F9E0CC1976}
	EndGlobalSection
EndGlobal
