
Microsoft Visual Studio Solution File, Format Version 12.00
# Visual Studio Version 16
VisualStudioVersion = 16.0.29613.14
MinimumVisualStudioVersion = 10.0.40219.1
Project("{FAE04EC0-301F-11D3-BF4B-00C04F79EFBC}") = "ExampleDecorator", "ExampleDecorator\ExampleDecorator.csproj", "{9AC1F2E5-4C0E-49C3-8F77-13A74A7314D8}"
EndProject
Global
	GlobalSection(SolutionConfigurationPlatforms) = preSolution
		Debug|Any CPU = Debug|Any CPU
		Release|Any CPU = Release|Any CPU
	EndGlobalSection
	GlobalSection(ProjectConfigurationPlatforms) = postSolution
		{9AC1F2E5-4C0E-49C3-8F77-13A74A7314D8}.Debug|Any CPU.ActiveCfg = Debug|Any CPU
		{9AC1F2E5-4C0E-49C3-8F77-13A74A7314D8}.Debug|Any CPU.Build.0 = Debug|Any CPU
		{9AC1F2E5-4C0E-49C3-8F77-13A74A7314D8}.Release|Any CPU.ActiveCfg = Release|Any CPU
		{9AC1F2E5-4C0E-49C3-8F77-13A74A7314D8}.Release|Any CPU.Build.0 = Release|Any CPU
	EndGlobalSection
	GlobalSection(SolutionProperties) = preSolution
		HideSolutionNode = FALSE
	EndGlobalSection
	GlobalSection(ExtensibilityGlobals) = postSolution
		SolutionGuid = {278CFA8E-ACA2-4064-A024-D686E49FD3B7}
	EndGlobalSection
EndGlobal
